// !$*UTF8*$!
{
	archiveVersion = 1;
	classes = {
	};
	objectVersion = 46;
	objects = {

/* Begin PBXBuildFile section */
		35499C8A1524F91B00AAAF4A /* UIKit.framework in Frameworks */ = {isa = PBXBuildFile; fileRef = 35499C891524F91B00AAAF4A /* UIKit.framework */; };
		35499C8C1524F91B00AAAF4A /* Foundation.framework in Frameworks */ = {isa = PBXBuildFile; fileRef = 35499C8B1524F91B00AAAF4A /* Foundation.framework */; };
		35499C8E1524F91B00AAAF4A /* CoreGraphics.framework in Frameworks */ = {isa = PBXBuildFile; fileRef = 35499C8D1524F91B00AAAF4A /* CoreGraphics.framework */; };
		35499C941524F91B00AAAF4A /* InfoPlist.strings in Resources */ = {isa = PBXBuildFile; fileRef = 35499C921524F91B00AAAF4A /* InfoPlist.strings */; };
		35499C961524F91B00AAAF4A /* main.m in Sources */ = {isa = PBXBuildFile; fileRef = 35499C951524F91B00AAAF4A /* main.m */; };
		35499C9A1524F91B00AAAF4A /* ILAppDelegate.m in Sources */ = {isa = PBXBuildFile; fileRef = 35499C991524F91B00AAAF4A /* ILAppDelegate.m */; };
/* End PBXBuildFile section */

/* Begin PBXFileReference section */
		35499C851524F91B00AAAF4A /* CrashTest.app */ = {isa = PBXFileReference; explicitFileType = wrapper.application; includeInIndex = 0; path = CrashTest.app; sourceTree = BUILT_PRODUCTS_DIR; };
		35499C891524F91B00AAAF4A /* UIKit.framework */ = {isa = PBXFileReference; lastKnownFileType = wrapper.framework; name = UIKit.framework; path = System/Library/Frameworks/UIKit.framework; sourceTree = SDKROOT; };
		35499C8B1524F91B00AAAF4A /* Foundation.framework */ = {isa = PBXFileReference; lastKnownFileType = wrapper.framework; name = Foundation.framework; path = System/Library/Frameworks/Foundation.framework; sourceTree = SDKROOT; };
		35499C8D1524F91B00AAAF4A /* CoreGraphics.framework */ = {isa = PBXFileReference; lastKnownFileType = wrapper.framework; name = CoreGraphics.framework; path = System/Library/Frameworks/CoreGraphics.framework; sourceTree = SDKROOT; };
		35499C911524F91B00AAAF4A /* CrashTest-Info.plist */ = {isa = PBXFileReference; path = "CrashTest-Info.plist"; sourceTree = "<group>"; };
		35499C931524F91B00AAAF4A /* en */ = {isa = PBXFileReference; lastKnownFileType = text.plist.strings; name = en; path = en.lproj/InfoPlist.strings; sourceTree = "<group>"; };
		35499C951524F91B00AAAF4A /* main.m */ = {isa = PBXFileReference; lastKnownFileType = sourcecode.c.objc; path = main.m; sourceTree = "<group>"; };
		35499C971524F91B00AAAF4A /* CrashTest-Prefix.pch */ = {isa = PBXFileReference; path = "CrashTest-Prefix.pch"; sourceTree = "<group>"; };
		35499C981524F91B00AAAF4A /* ILAppDelegate.h */ = {isa = PBXFileReference; path = ILAppDelegate.h; sourceTree = "<group>"; };
		35499C991524F91B00AAAF4A /* ILAppDelegate.m */ = {isa = PBXFileReference; lastKnownFileType = sourcecode.c.objc; path = ILAppDelegate.m; sourceTree = "<group>"; };
/* End PBXFileReference section */

/* Begin PBXFrameworksBuildPhase section */
		35499C821524F91B00AAAF4A /* Frameworks */ = {
			isa = PBXFrameworksBuildPhase;
			buildActionMask = 2147483647;
			files = (
				35499C8A1524F91B00AAAF4A /* UIKit.framework in Frameworks */,
				35499C8C1524F91B00AAAF4A /* Foundation.framework in Frameworks */,
				35499C8E1524F91B00AAAF4A /* CoreGraphics.framework in Frameworks */,
			);
			runOnlyForDeploymentPostprocessing = 0;
		};
/* End PBXFrameworksBuildPhase section */

/* Begin PBXGroup section */
		35499C7A1524F91B00AAAF4A = {
			isa = PBXGroup;
			children = (
				35499C8F1524F91B00AAAF4A /* CrashTest */,
				35499C881524F91B00AAAF4A /* Frameworks */,
				35499C861524F91B00AAAF4A /* Products */,
			);
			sourceTree = "<group>";
		};
		35499C861524F91B00AAAF4A /* Products */ = {
			isa = PBXGroup;
			children = (
				35499C851524F91B00AAAF4A /* CrashTest.app */,
			);
			name = Products;
			sourceTree = "<group>";
		};
		35499C881524F91B00AAAF4A /* Frameworks */ = {
			isa = PBXGroup;
			children = (
				35499C891524F91B00AAAF4A /* UIKit.framework */,
				35499C8B1524F91B00AAAF4A /* Foundation.framework */,
				35499C8D1524F91B00AAAF4A /* CoreGraphics.framework */,
			);
			name = Frameworks;
			sourceTree = "<group>";
		};
		35499C8F1524F91B00AAAF4A /* CrashTest */ = {
			isa = PBXGroup;
			children = (
				35499C981524F91B00AAAF4A /* ILAppDelegate.h */,
				35499C991524F91B00AAAF4A /* ILAppDelegate.m */,
				35499C901524F91B00AAAF4A /* Supporting Files */,
			);
			path = CrashTest;
			sourceTree = "<group>";
		};
		35499C901524F91B00AAAF4A /* Supporting Files */ = {
			isa = PBXGroup;
			children = (
				35499C911524F91B00AAAF4A /* CrashTest-Info.plist */,
				35499C921524F91B00AAAF4A /* InfoPlist.strings */,
				35499C951524F91B00AAAF4A /* main.m */,
				35499C971524F91B00AAAF4A /* CrashTest-Prefix.pch */,
			);
			name = "Supporting Files";
			sourceTree = "<group>";
		};
/* End PBXGroup section */

/* Begin PBXNativeTarget section */
		35499C841524F91B00AAAF4A /* CrashTest */ = {
			isa = PBXNativeTarget;
			buildConfigurationList = 35499C9D1524F91B00AAAF4A /* Build configuration list for PBXNativeTarget "CrashTest" */;
			buildPhases = (
				35499C811524F91B00AAAF4A /* Sources */,
				35499C821524F91B00AAAF4A /* Frameworks */,
				35499C831524F91B00AAAF4A /* Resources */,
			);
			buildRules = (
			);
			dependencies = (
			);
			name = CrashTest;
			productName = CrashTest;
			productReference = 35499C851524F91B00AAAF4A /* CrashTest.app */;
			productType = "com.apple.product-type.application";
		};
/* End PBXNativeTarget section */

/* Begin PBXProject section */
		35499C7C1524F91B00AAAF4A /* Project object */ = {
			isa = PBXProject;
			attributes = {
				CLASSPREFIX = IL;
				LastUpgradeCheck = 0430;
				ORGANIZATIONNAME = particulier;
			};
			buildConfigurationList = 35499C7F1524F91B00AAAF4A /* Build configuration list for PBXProject "CrashTest" */;
			compatibilityVersion = "Xcode 3.2";
			developmentRegion = English;
			hasScannedForEncodings = 0;
			knownRegions = (
				en,
			);
			mainGroup = 35499C7A1524F91B00AAAF4A;
			productRefGroup = 35499C861524F91B00AAAF4A /* Products */;
			projectDirPath = "";
			projectRoot = "";
			targets = (
				35499C841524F91B00AAAF4A /* CrashTest */,
			);
		};
/* End PBXProject section */

/* Begin PBXResourcesBuildPhase section */
		35499C831524F91B00AAAF4A /* Resources */ = {
			isa = PBXResourcesBuildPhase;
			buildActionMask = 2147483647;
			files = (
				35499C941524F91B00AAAF4A /* InfoPlist.strings in Resources */,
			);
			runOnlyForDeploymentPostprocessing = 0;
		};
/* End PBXResourcesBuildPhase section */

/* Begin PBXSourcesBuildPhase section */
		35499C811524F91B00AAAF4A /* Sources */ = {
			isa = PBXSourcesBuildPhase;
			buildActionMask = 2147483647;
			files = (
				35499C961524F91B00AAAF4A /* main.m in Sources */,
				35499C9A1524F91B00AAAF4A /* ILAppDelegate.m in Sources */,
			);
			runOnlyForDeploymentPostprocessing = 0;
		};
/* End PBXSourcesBuildPhase section */

/* Begin PBXVariantGroup section */
		35499C921524F91B00AAAF4A /* InfoPlist.strings */ = {
			isa = PBXVariantGroup;
			children = (
				35499C931524F91B00AAAF4A /* en */,
			);
			name = InfoPlist.strings;
			sourceTree = "<group>";
		};
/* End PBXVariantGroup section */

/* Begin XCBuildConfiguration section */
		35499C9B1524F91B00AAAF4A /* Debug */ = {
			isa = XCBuildConfiguration;
			buildSettings = {
				ALWAYS_SEARCH_USER_PATHS = NO;
				ARCHS = "$(ARCHS_STANDARD_32_BIT)";
				CLANG_ENABLE_OBJC_ARC = YES;
				"CODE_SIGN_IDENTITY[sdk=iphoneos*]" = "iPhone Developer";
				COPY_PHASE_STRIP = NO;
				GCC_C_LANGUAGE_STANDARD = gnu99;
				GCC_DYNAMIC_NO_PIC = NO;
				GCC_OPTIMIZATION_LEVEL = 0;
				GCC_PREPROCESSOR_DEFINITIONS = (
					"DEBUG=1",
					"$(inherited)",
				);
				GCC_SYMBOLS_PRIVATE_EXTERN = NO;
				GCC_VERSION = com.apple.compilers.llvm.clang.1_0;
				GCC_WARN_ABOUT_RETURN_TYPE = YES;
				GCC_WARN_UNINITIALIZED_AUTOS = YES;
				GCC_WARN_UNUSED_VARIABLE = YES;
				IPHONEOS_DEPLOYMENT_TARGET = 5.1;
				SDKROOT = iphoneos;
			};
			name = Debug;
		};
		35499C9C1524F91B00AAAF4A /* Release */ = {
			isa = XCBuildConfiguration;
			buildSettings = {
				ALWAYS_SEARCH_USER_PATHS = NO;
				ARCHS = "$(ARCHS_STANDARD_32_BIT)";
				CLANG_ENABLE_OBJC_ARC = YES;
				"CODE_SIGN_IDENTITY[sdk=iphoneos*]" = "iPhone Developer";
				COPY_PHASE_STRIP = YES;
				GCC_C_LANGUAGE_STANDARD = gnu99;
				GCC_VERSION = com.apple.compilers.llvm.clang.1_0;
				GCC_WARN_ABOUT_RETURN_TYPE = YES;
				GCC_WARN_UNINITIALIZED_AUTOS = YES;
				GCC_WARN_UNUSED_VARIABLE = YES;
				IPHONEOS_DEPLOYMENT_TARGET = 5.1;
				OTHER_CFLAGS = "-DNS_BLOCK_ASSERTIONS=1";
				SDKROOT = iphoneos;
				VALIDATE_PRODUCT = YES;
			};
			name = Release;
		};
		35499C9E1524F91B00AAAF4A /* Debug */ = {
			isa = XCBuildConfiguration;
			buildSettings = {
				GCC_PRECOMPILE_PREFIX_HEADER = YES;
				GCC_PREFIX_HEADER = "CrashTest/CrashTest-Prefix.pch";
				INFOPLIST_FILE = "CrashTest/CrashTest-Info.plist";
				PRODUCT_NAME = "$(TARGET_NAME)";
				WRAPPER_EXTENSION = app;
			};
			name = Debug;
		};
		35499C9F1524F91B00AAAF4A /* Release */ = {
			isa = XCBuildConfiguration;
			buildSettings = {
				GCC_PRECOMPILE_PREFIX_HEADER = YES;
				GCC_PREFIX_HEADER = "CrashTest/CrashTest-Prefix.pch";
				INFOPLIST_FILE = "CrashTest/CrashTest-Info.plist";
				PRODUCT_NAME = "$(TARGET_NAME)";
				WRAPPER_EXTENSION = app;
			};
			name = Release;
		};
/* End XCBuildConfiguration section */

/* Begin XCConfigurationList section */
		35499C7F1524F91B00AAAF4A /* Build configuration list for PBXProject "CrashTest" */ = {
			isa = XCConfigurationList;
			buildConfigurations = (
				35499C9B1524F91B00AAAF4A /* Debug */,
				35499C9C1524F91B00AAAF4A /* Release */,
			);
			defaultConfigurationIsVisible = 0;
			defaultConfigurationName = Release;
		};
		35499C9D1524F91B00AAAF4A /* Build configuration list for PBXNativeTarget "CrashTest" */ = {
			isa = XCConfigurationList;
			buildConfigurations = (
				35499C9E1524F91B00AAAF4A /* Debug */,
				35499C9F1524F91B00AAAF4A /* Release */,
			);
			defaultConfigurationIsVisible = 0;
		};
/* End XCConfigurationList section */
	};
	rootObject = 35499C7C1524F91B00AAAF4A /* Project object */;
}
